
Microsoft Visual Studio Solution File, Format Version 12.00
# Visual Studio Version 17
VisualStudioVersion = 17.12.35527.113
MinimumVisualStudioVersion = 10.0.40219.1
Project("{8BC9CEB8-8B4A-11D0-8D11-00A0C91BC942}") = "1.Array", "1.Array\1.Array.vcxproj", "{2916A24A-B1A3-4F77-9940-11A9760E4ABF}"
EndProject
Project("{8BC9CEB8-8B4A-11D0-8D11-00A0C91BC942}") = "3.LinkedList", "3.LinkedList\3.LinkedList.vcxproj", "{699B7B74-3EA6-486C-971B-5FBA2DDC3272}"
EndProject
Project("{8BC9CEB8-8B4A-11D0-8D11-00A0C91BC942}") = "4.TemplateLinkedList", "4.TemplateLinkedList\4.TemplateLinkedList.vcxproj", "{56A22C4E-BD83-4C2E-9E58-81969AAA19DC}"
EndProject
Project("{8BC9CEB8-8B4A-11D0-8D11-00A0C91BC942}") = "5.DoubleLinkedList", "5.DoubleLinkedList\5.DoubleLinkedList.vcxproj", "{672BD166-0642-4F2E-9540-5CC188F241DC}"
EndProject
Project("{2150E333-8FDC-42A3-9474-1A3956D46DE8}") = "Solution Items", "Solution Items", "{1C74D92B-8FFB-410B-A1F3-F70F9501860D}"
	ProjectSection(SolutionItems) = preProject
		.editorconfig = .editorconfig
	EndProjectSection
EndProject
Project("{8BC9CEB8-8B4A-11D0-8D11-00A0C91BC942}") = "6.ExpStack", "6.ExpStack\6.ExpStack.vcxproj", "{E6E8C22E-3B41-4EDE-A5EC-AEB17F6EF0B6}"
EndProject
Project("{8BC9CEB8-8B4A-11D0-8D11-00A0C91BC942}") = "7.TemplateStack", "7.TemplateStack\7.TemplateStack.vcxproj", "{9321B972-D5CD-4E11-A66F-E1A79AA5EA0B}"
EndProject
Project("{8BC9CEB8-8B4A-11D0-8D11-00A0C91BC942}") = "8.Random", "8.Random\8.Random.vcxproj", "{DB8DED39-B908-4599-BA0F-7EB6C3CE245A}"
EndProject
Project("{8BC9CEB8-8B4A-11D0-8D11-00A0C91BC942}") = "2.List", "2.List\List.vcxproj", "{EF022E43-2476-47F2-809E-B9596AA96C65}"
EndProject
Project("{8BC9CEB8-8B4A-11D0-8D11-00A0C91BC942}") = "9.StackMaze", "9.StackMaze\9.StackMaze.vcxproj", "{405A40A2-57A6-4D71-A78C-2411E63FBC62}"
EndProject
Project("{8BC9CEB8-8B4A-11D0-8D11-00A0C91BC942}") = "10.Queue", "10.Queue\10.Queue.vcxproj", "{907CB3EF-289C-42B2-82ED-0E601CD3DD04}"
EndProject
Global
	GlobalSection(SolutionConfigurationPlatforms) = preSolution
		Debug|x64 = Debug|x64
		Debug|x86 = Debug|x86
		Release|x64 = Release|x64
		Release|x86 = Release|x86
	EndGlobalSection
	GlobalSection(ProjectConfigurationPlatforms) = postSolution
		{2916A24A-B1A3-4F77-9940-11A9760E4ABF}.Debug|x64.ActiveCfg = Debug|x64
		{2916A24A-B1A3-4F77-9940-11A9760E4ABF}.Debug|x64.Build.0 = Debug|x64
		{2916A24A-B1A3-4F77-9940-11A9760E4ABF}.Debug|x86.ActiveCfg = Debug|Win32
		{2916A24A-B1A3-4F77-9940-11A9760E4ABF}.Debug|x86.Build.0 = Debug|Win32
		{2916A24A-B1A3-4F77-9940-11A9760E4ABF}.Release|x64.ActiveCfg = Release|x64
		{2916A24A-B1A3-4F77-9940-11A9760E4ABF}.Release|x64.Build.0 = Release|x64
		{2916A24A-B1A3-4F77-9940-11A9760E4ABF}.Release|x86.ActiveCfg = Release|Win32
		{2916A24A-B1A3-4F77-9940-11A9760E4ABF}.Release|x86.Build.0 = Release|Win32
		{699B7B74-3EA6-486C-971B-5FBA2DDC3272}.Debug|x64.ActiveCfg = Debug|x64
		{699B7B74-3EA6-486C-971B-5FBA2DDC3272}.Debug|x64.Build.0 = Debug|x64
		{699B7B74-3EA6-486C-971B-5FBA2DDC3272}.Debug|x86.ActiveCfg = Debug|Win32
		{699B7B74-3EA6-486C-971B-5FBA2DDC3272}.Debug|x86.Build.0 = Debug|Win32
		{699B7B74-3EA6-486C-971B-5FBA2DDC3272}.Release|x64.ActiveCfg = Release|x64
		{699B7B74-3EA6-486C-971B-5FBA2DDC3272}.Release|x64.Build.0 = Release|x64
		{699B7B74-3EA6-486C-971B-5FBA2DDC3272}.Release|x86.ActiveCfg = Release|Win32
		{699B7B74-3EA6-486C-971B-5FBA2DDC3272}.Release|x86.Build.0 = Release|Win32
		{56A22C4E-BD83-4C2E-9E58-81969AAA19DC}.Debug|x64.ActiveCfg = Debug|x64
		{56A22C4E-BD83-4C2E-9E58-81969AAA19DC}.Debug|x64.Build.0 = Debug|x64
		{56A22C4E-BD83-4C2E-9E58-81969AAA19DC}.Debug|x86.ActiveCfg = Debug|Win32
		{56A22C4E-BD83-4C2E-9E58-81969AAA19DC}.Debug|x86.Build.0 = Debug|Win32
		{56A22C4E-BD83-4C2E-9E58-81969AAA19DC}.Release|x64.ActiveCfg = Release|x64
		{56A22C4E-BD83-4C2E-9E58-81969AAA19DC}.Release|x64.Build.0 = Release|x64
		{56A22C4E-BD83-4C2E-9E58-81969AAA19DC}.Release|x86.ActiveCfg = Release|Win32
		{56A22C4E-BD83-4C2E-9E58-81969AAA19DC}.Release|x86.Build.0 = Release|Win32
		{672BD166-0642-4F2E-9540-5CC188F241DC}.Debug|x64.ActiveCfg = Debug|x64
		{672BD166-0642-4F2E-9540-5CC188F241DC}.Debug|x64.Build.0 = Debug|x64
		{672BD166-0642-4F2E-9540-5CC188F241DC}.Debug|x86.ActiveCfg = Debug|Win32
		{672BD166-0642-4F2E-9540-5CC188F241DC}.Debug|x86.Build.0 = Debug|Win32
		{672BD166-0642-4F2E-9540-5CC188F241DC}.Release|x64.ActiveCfg = Release|x64
		{672BD166-0642-4F2E-9540-5CC188F241DC}.Release|x64.Build.0 = Release|x64
		{672BD166-0642-4F2E-9540-5CC188F241DC}.Release|x86.ActiveCfg = Release|Win32
		{672BD166-0642-4F2E-9540-5CC188F241DC}.Release|x86.Build.0 = Release|Win32
		{E6E8C22E-3B41-4EDE-A5EC-AEB17F6EF0B6}.Debug|x64.ActiveCfg = Debug|x64
		{E6E8C22E-3B41-4EDE-A5EC-AEB17F6EF0B6}.Debug|x64.Build.0 = Debug|x64
		{E6E8C22E-3B41-4EDE-A5EC-AEB17F6EF0B6}.Debug|x86.ActiveCfg = Debug|Win32
		{E6E8C22E-3B41-4EDE-A5EC-AEB17F6EF0B6}.Debug|x86.Build.0 = Debug|Win32
		{E6E8C22E-3B41-4EDE-A5EC-AEB17F6EF0B6}.Release|x64.ActiveCfg = Release|x64
		{E6E8C22E-3B41-4EDE-A5EC-AEB17F6EF0B6}.Release|x64.Build.0 = Release|x64
		{E6E8C22E-3B41-4EDE-A5EC-AEB17F6EF0B6}.Release|x86.ActiveCfg = Release|Win32
		{E6E8C22E-3B41-4EDE-A5EC-AEB17F6EF0B6}.Release|x86.Build.0 = Release|Win32
		{9321B972-D5CD-4E11-A66F-E1A79AA5EA0B}.Debug|x64.ActiveCfg = Debug|x64
		{9321B972-D5CD-4E11-A66F-E1A79AA5EA0B}.Debug|x64.Build.0 = Debug|x64
		{9321B972-D5CD-4E11-A66F-E1A79AA5EA0B}.Debug|x86.ActiveCfg = Debug|Win32
		{9321B972-D5CD-4E11-A66F-E1A79AA5EA0B}.Debug|x86.Build.0 = Debug|Win32
		{9321B972-D5CD-4E11-A66F-E1A79AA5EA0B}.Release|x64.ActiveCfg = Release|x64
		{9321B972-D5CD-4E11-A66F-E1A79AA5EA0B}.Release|x64.Build.0 = Release|x64
		{9321B972-D5CD-4E11-A66F-E1A79AA5EA0B}.Release|x86.ActiveCfg = Release|Win32
		{9321B972-D5CD-4E11-A66F-E1A79AA5EA0B}.Release|x86.Build.0 = Release|Win32
		{DB8DED39-B908-4599-BA0F-7EB6C3CE245A}.Debug|x64.ActiveCfg = Debug|x64
		{DB8DED39-B908-4599-BA0F-7EB6C3CE245A}.Debug|x64.Build.0 = Debug|x64
		{DB8DED39-B908-4599-BA0F-7EB6C3CE245A}.Debug|x86.ActiveCfg = Debug|Win32
		{DB8DED39-B908-4599-BA0F-7EB6C3CE245A}.Debug|x86.Build.0 = Debug|Win32
		{DB8DED39-B908-4599-BA0F-7EB6C3CE245A}.Release|x64.ActiveCfg = Release|x64
		{DB8DED39-B908-4599-BA0F-7EB6C3CE245A}.Release|x64.Build.0 = Release|x64
		{DB8DED39-B908-4599-BA0F-7EB6C3CE245A}.Release|x86.ActiveCfg = Release|Win32
		{DB8DED39-B908-4599-BA0F-7EB6C3CE245A}.Release|x86.Build.0 = Release|Win32
		{EF022E43-2476-47F2-809E-B9596AA96C65}.Debug|x64.ActiveCfg = Debug|x64
		{EF022E43-2476-47F2-809E-B9596AA96C65}.Debug|x64.Build.0 = Debug|x64
		{EF022E43-2476-47F2-809E-B9596AA96C65}.Debug|x86.ActiveCfg = Debug|Win32
		{EF022E43-2476-47F2-809E-B9596AA96C65}.Debug|x86.Build.0 = Debug|Win32
		{EF022E43-2476-47F2-809E-B9596AA96C65}.Release|x64.ActiveCfg = Release|x64
		{EF022E43-2476-47F2-809E-B9596AA96C65}.Release|x64.Build.0 = Release|x64
		{EF022E43-2476-47F2-809E-B9596AA96C65}.Release|x86.ActiveCfg = Release|Win32
		{EF022E43-2476-47F2-809E-B9596AA96C65}.Release|x86.Build.0 = Release|Win32
		{405A40A2-57A6-4D71-A78C-2411E63FBC62}.Debug|x64.ActiveCfg = Debug|x64
		{405A40A2-57A6-4D71-A78C-2411E63FBC62}.Debug|x64.Build.0 = Debug|x64
		{405A40A2-57A6-4D71-A78C-2411E63FBC62}.Debug|x86.ActiveCfg = Debug|Win32
		{405A40A2-57A6-4D71-A78C-2411E63FBC62}.Debug|x86.Build.0 = Debug|Win32
		{405A40A2-57A6-4D71-A78C-2411E63FBC62}.Release|x64.ActiveCfg = Release|x64
		{405A40A2-57A6-4D71-A78C-2411E63FBC62}.Release|x64.Build.0 = Release|x64
		{405A40A2-57A6-4D71-A78C-2411E63FBC62}.Release|x86.ActiveCfg = Release|Win32
		{405A40A2-57A6-4D71-A78C-2411E63FBC62}.Release|x86.Build.0 = Release|Win32
		{907CB3EF-289C-42B2-82ED-0E601CD3DD04}.Debug|x64.ActiveCfg = Debug|x64
		{907CB3EF-289C-42B2-82ED-0E601CD3DD04}.Debug|x64.Build.0 = Debug|x64
		{907CB3EF-289C-42B2-82ED-0E601CD3DD04}.Debug|x86.ActiveCfg = Debug|Win32
		{907CB3EF-289C-42B2-82ED-0E601CD3DD04}.Debug|x86.Build.0 = Debug|Win32
		{907CB3EF-289C-42B2-82ED-0E601CD3DD04}.Release|x64.ActiveCfg = Release|x64
		{907CB3EF-289C-42B2-82ED-0E601CD3DD04}.Release|x64.Build.0 = Release|x64
		{907CB3EF-289C-42B2-82ED-0E601CD3DD04}.Release|x86.ActiveCfg = Release|Win32
		{907CB3EF-289C-42B2-82ED-0E601CD3DD04}.Release|x86.Build.0 = Release|Win32
	EndGlobalSection
	GlobalSection(SolutionProperties) = preSolution
		HideSolutionNode = FALSE
	EndGlobalSection
EndGlobal
